
Microsoft Visual Studio Solution File, Format Version 12.00
# Visual Studio Version 16
VisualStudioVersion = 16.0.31515.178
MinimumVisualStudioVersion = 10.0.40219.1
Project("{FAE04EC0-301F-11D3-BF4B-00C04F79EFBC}") = "Transaction Processing", "Transaction Processing\Transaction Processing.csproj", "{C88C7956-BBAD-4AAD-AFE5-3EC6D0F21E8B}"
EndProject
Global
	GlobalSection(SolutionConfigurationPlatforms) = preSolution
		Debug|Any CPU = Debug|Any CPU
		Release|Any CPU = Release|Any CPU
	EndGlobalSection
	GlobalSection(ProjectConfigurationPlatforms) = postSolution
		{C88C7956-BBAD-4AAD-AFE5-3EC6D0F21E8B}.Debug|Any CPU.ActiveCfg = Debug|Any CPU
		{C88C7956-BBAD-4AAD-AFE5-3EC6D0F21E8B}.Debug|Any CPU.Build.0 = Debug|Any CPU
		{C88C7956-BBAD-4AAD-AFE5-3EC6D0F21E8B}.Release|Any CPU.ActiveCfg = Release|Any CPU
		{C88C7956-BBAD-4AAD-AFE5-3EC6D0F21E8B}.Release|Any CPU.Build.0 = Release|Any CPU
	EndGlobalSection
	GlobalSection(SolutionProperties) = preSolution
		HideSolutionNode = FALSE
	EndGlobalSection
	GlobalSection(ExtensibilityGlobals) = postSolution
		SolutionGuid = {A48EC239-BBDE-48C8-8909-4B8CFC25A243}
	EndGlobalSection
EndGlobal
